
Microsoft Visual Studio Solution File, Format Version 12.00
# Visual Studio 15
VisualStudioVersion = 15.0.28307.1082
MinimumVisualStudioVersion = 10.0.40219.1
Project("{8BC9CEB8-8B4A-11D0-8D11-00A0C91BC942}") = "DurinLib", "DurinLib\DurinLib.vcxproj", "{E75407D5-F22F-47F4-869C-FCA4FC75BE75}"
EndProject
Global
	GlobalSection(SolutionConfigurationPlatforms) = preSolution
		Debug|x64 = Debug|x64
		Debug|x86 = Debug|x86
		Release|x64 = Release|x64
		Release|x86 = Release|x86
	EndGlobalSection
	GlobalSection(ProjectConfigurationPlatforms) = postSolution
		{E75407D5-F22F-47F4-869C-FCA4FC75BE75}.Debug|x64.ActiveCfg = Debug|x64
		{E75407D5-F22F-47F4-869C-FCA4FC75BE75}.Debug|x64.Build.0 = Debug|x64
		{E75407D5-F22F-47F4-869C-FCA4FC75BE75}.Debug|x86.ActiveCfg = Debug|Win32
		{E75407D5-F22F-47F4-869C-FCA4FC75BE75}.Debug|x86.Build.0 = Debug|Win32
		{E75407D5-F22F-47F4-869C-FCA4FC75BE75}.Release|x64.ActiveCfg = Release|x64
		{E75407D5-F22F-47F4-869C-FCA4FC75BE75}.Release|x64.Build.0 = Release|x64
		{E75407D5-F22F-47F4-869C-FCA4FC75BE75}.Release|x86.ActiveCfg = Release|Win32
		{E75407D5-F22F-47F4-869C-FCA4FC75BE75}.Release|x86.Build.0 = Release|Win32
	EndGlobalSection
	GlobalSection(SolutionProperties) = preSolution
		HideSolutionNode = FALSE
	EndGlobalSection
	GlobalSection(ExtensibilityGlobals) = postSolution
		SolutionGuid = {6E7A6D89-D2AE-4DB7-959F-D208477EA8B7}
	EndGlobalSection
EndGlobal
